
Microsoft Visual Studio Solution File, Format Version 12.00
# Visual Studio 2013
VisualStudioVersion = 12.0.21005.1
MinimumVisualStudioVersion = 10.0.40219.1
Project("{FAE04EC0-301F-11D3-BF4B-00C04F79EFBC}") = "LatihanOperator_AIO", "LatihanOperator\LatihanOperator_AIO.csproj", "{B37D5C38-8134-42B1-A8C3-7422356BD8D0}"
EndProject
Project("{FAE04EC0-301F-11D3-BF4B-00C04F79EFBC}") = "TipeDatadanVariabel", "..\TipeDatadanVariabel\TipeDatadanVariabel\TipeDatadanVariabel.csproj", "{4D4FDE2F-632F-438D-8922-C564D7EBA9D6}"
EndProject
Project("{FAE04EC0-301F-11D3-BF4B-00C04F79EFBC}") = "OperatorLogika", "OperatorLogika\OperatorLogika.csproj", "{973AF831-CCE2-495E-97CA-A44D0612C5A9}"
EndProject
Project("{FAE04EC0-301F-11D3-BF4B-00C04F79EFBC}") = "kondisi", "kondisi\kondisi.csproj", "{F79B0BA2-C0EA-49B9-BA6E-FADC1CF45B57}"
EndProject
Project("{FAE04EC0-301F-11D3-BF4B-00C04F79EFBC}") = "SwitchCase", "SwitchCase\SwitchCase.csproj", "{62EC5484-B6EA-47B3-97F7-35398F6BBA3F}"
EndProject
Project("{FAE04EC0-301F-11D3-BF4B-00C04F79EFBC}") = "PerulanganFor", "PerulanganFor\PerulanganFor.csproj", "{690E1569-934C-4927-B235-FAEE4ED55DC5}"
EndProject
Project("{FAE04EC0-301F-11D3-BF4B-00C04F79EFBC}") = "PerulanganWhile", "PerulanganWhile\PerulanganWhile.csproj", "{02FDEA1F-2440-49C2-8383-AD276FE8B2AE}"
EndProject
Project("{FAE04EC0-301F-11D3-BF4B-00C04F79EFBC}") = "PerulanganDoWhile", "PerulanganDoWhile\PerulanganDoWhile.csproj", "{9C1B9A9B-364C-4277-B227-25BEA3FCB660}"
EndProject
Project("{FAE04EC0-301F-11D3-BF4B-00C04F79EFBC}") = "PerulanganForeach", "PerulanganForeach\PerulanganForeach.csproj", "{08BC1FB5-3069-4222-A4F2-196A953D68B0}"
EndProject
Project("{FAE04EC0-301F-11D3-BF4B-00C04F79EFBC}") = "KonversiHari", "KonversiHari\KonversiHari.csproj", "{79F103B3-9657-44F5-BD71-9DAFAD0E2805}"
EndProject
Project("{FAE04EC0-301F-11D3-BF4B-00C04F79EFBC}") = "Robot", "Robot\Robot.csproj", "{9B681F79-8546-471F-BBF6-7A63F01227F6}"
EndProject
Project("{FAE04EC0-301F-11D3-BF4B-00C04F79EFBC}") = "KondisiSwitchCase", "KondisiSwitchCase\KondisiSwitchCase.csproj", "{779CBD8F-B4C7-4391-8FD5-8BC4C9F13ED4}"
EndProject
Project("{FAE04EC0-301F-11D3-BF4B-00C04F79EFBC}") = "LatihanFor1", "LatihanFor1\LatihanFor1.csproj", "{75E7443E-CBC6-4157-93D9-E30E2C93D2B5}"
EndProject
Project("{FAE04EC0-301F-11D3-BF4B-00C04F79EFBC}") = "LatihanFor2", "LatihanFor2\LatihanFor2.csproj", "{C698A0F6-F9EE-456D-A575-BF3A0962DACB}"
EndProject
Project("{FAE04EC0-301F-11D3-BF4B-00C04F79EFBC}") = "LatihanFor3", "LatihanFor3\LatihanFor3.csproj", "{B28A00B9-447C-4464-AC98-54D334E5F96E}"
EndProject
Project("{FAE04EC0-301F-11D3-BF4B-00C04F79EFBC}") = "LatihanFor4", "LatihanFor4\LatihanFor4.csproj", "{B0E17931-7D0B-4C40-905A-BB9FECDE4805}"
EndProject
Project("{FAE04EC0-301F-11D3-BF4B-00C04F79EFBC}") = "LatihanWhileDo", "LatihanWhileDo\LatihanWhileDo.csproj", "{3870F11F-5E09-44DF-B928-83DCC41AC226}"
EndProject
Project("{FAE04EC0-301F-11D3-BF4B-00C04F79EFBC}") = "OOP1", "OOP1\OOP1.csproj", "{30AE62B0-2C08-4ADD-AD9A-DF52DFAD92CB}"
EndProject
Project("{FAE04EC0-301F-11D3-BF4B-00C04F79EFBC}") = "OOP2", "OOP2\OOP2.csproj", "{A21FE70F-E8FD-4E25-9BDB-B34A879493CD}"
EndProject
Project("{FAE04EC0-301F-11D3-BF4B-00C04F79EFBC}") = "OOP3", "OOP3\OOP3.csproj", "{9530F4A4-1ECC-4CDA-9F0A-ED9FD0F902FB}"
EndProject
Project("{FAE04EC0-301F-11D3-BF4B-00C04F79EFBC}") = "LatihanOOP1", "LatihanOOP1\LatihanOOP1.csproj", "{4CBA467A-9B4A-4EBA-B721-913E1E829D2A}"
EndProject
Project("{FAE04EC0-301F-11D3-BF4B-00C04F79EFBC}") = "Inheritace1.cs", "Inheritace1.cs\Inheritace1.cs.csproj", "{78641E2F-9712-42D2-85A1-1E1AAFBDE297}"
EndProject
Project("{FAE04EC0-301F-11D3-BF4B-00C04F79EFBC}") = "LatihanInheritance.cs", "LatihanInheritance.cs\LatihanInheritance.cs.csproj", "{57D8C9BE-E290-424B-AFAD-EC6BF889DFC5}"
EndProject
Project("{FAE04EC0-301F-11D3-BF4B-00C04F79EFBC}") = "Arrray1", "Arrray1\Arrray1.csproj", "{3D80DF55-3FFA-4D16-A3ED-B57F1DC01438}"
EndProject
Project("{FAE04EC0-301F-11D3-BF4B-00C04F79EFBC}") = "array2", "array2\array2.csproj", "{E9154E6B-5BCF-46CB-937E-A672B8B04D90}"
EndProject
Project("{FAE04EC0-301F-11D3-BF4B-00C04F79EFBC}") = "Array2D", "Array2D\Array2D.csproj", "{4FAAA46E-E12D-40F1-98D6-949F466E6B54}"
EndProject
Project("{FAE04EC0-301F-11D3-BF4B-00C04F79EFBC}") = "PerhitunganMatrix", "PerhitunganMatrix\PerhitunganMatrix.csproj", "{E6992AE0-F581-4A7D-BC45-D270F1AE15A6}"
EndProject
Project("{FAE04EC0-301F-11D3-BF4B-00C04F79EFBC}") = "List", "List\List.csproj", "{E7068B5E-2C47-42A3-AD0E-24DE0514B447}"
EndProject
Project("{FAE04EC0-301F-11D3-BF4B-00C04F79EFBC}") = "Queue", "Queue\Queue.csproj", "{6FB5F236-5193-40C5-BCF4-138D116FD527}"
EndProject
Project("{FAE04EC0-301F-11D3-BF4B-00C04F79EFBC}") = "Stack", "Stack\Stack.csproj", "{72979120-1552-4C57-AF56-9A722669D0A9}"
EndProject
Project("{FAE04EC0-301F-11D3-BF4B-00C04F79EFBC}") = "LatihanConsole", "LatihanConsole\LatihanConsole.csproj", "{DEA263AC-E7F8-43BF-89E4-92718AF0FD0C}"
EndProject
Global
	GlobalSection(SolutionConfigurationPlatforms) = preSolution
		Debug|Any CPU = Debug|Any CPU
		Release|Any CPU = Release|Any CPU
	EndGlobalSection
	GlobalSection(ProjectConfigurationPlatforms) = postSolution
		{B37D5C38-8134-42B1-A8C3-7422356BD8D0}.Debug|Any CPU.ActiveCfg = Debug|Any CPU
		{B37D5C38-8134-42B1-A8C3-7422356BD8D0}.Debug|Any CPU.Build.0 = Debug|Any CPU
		{B37D5C38-8134-42B1-A8C3-7422356BD8D0}.Release|Any CPU.ActiveCfg = Release|Any CPU
		{B37D5C38-8134-42B1-A8C3-7422356BD8D0}.Release|Any CPU.Build.0 = Release|Any CPU
		{4D4FDE2F-632F-438D-8922-C564D7EBA9D6}.Debug|Any CPU.ActiveCfg = Debug|Any CPU
		{4D4FDE2F-632F-438D-8922-C564D7EBA9D6}.Debug|Any CPU.Build.0 = Debug|Any CPU
		{4D4FDE2F-632F-438D-8922-C564D7EBA9D6}.Release|Any CPU.ActiveCfg = Release|Any CPU
		{4D4FDE2F-632F-438D-8922-C564D7EBA9D6}.Release|Any CPU.Build.0 = Release|Any CPU
		{973AF831-CCE2-495E-97CA-A44D0612C5A9}.Debug|Any CPU.ActiveCfg = Debug|Any CPU
		{973AF831-CCE2-495E-97CA-A44D0612C5A9}.Debug|Any CPU.Build.0 = Debug|Any CPU
		{973AF831-CCE2-495E-97CA-A44D0612C5A9}.Release|Any CPU.ActiveCfg = Release|Any CPU
		{973AF831-CCE2-495E-97CA-A44D0612C5A9}.Release|Any CPU.Build.0 = Release|Any CPU
		{F79B0BA2-C0EA-49B9-BA6E-FADC1CF45B57}.Debug|Any CPU.ActiveCfg = Debug|Any CPU
		{F79B0BA2-C0EA-49B9-BA6E-FADC1CF45B57}.Debug|Any CPU.Build.0 = Debug|Any CPU
		{F79B0BA2-C0EA-49B9-BA6E-FADC1CF45B57}.Release|Any CPU.ActiveCfg = Release|Any CPU
		{F79B0BA2-C0EA-49B9-BA6E-FADC1CF45B57}.Release|Any CPU.Build.0 = Release|Any CPU
		{62EC5484-B6EA-47B3-97F7-35398F6BBA3F}.Debug|Any CPU.ActiveCfg = Debug|Any CPU
		{62EC5484-B6EA-47B3-97F7-35398F6BBA3F}.Debug|Any CPU.Build.0 = Debug|Any CPU
		{62EC5484-B6EA-47B3-97F7-35398F6BBA3F}.Release|Any CPU.ActiveCfg = Release|Any CPU
		{62EC5484-B6EA-47B3-97F7-35398F6BBA3F}.Release|Any CPU.Build.0 = Release|Any CPU
		{690E1569-934C-4927-B235-FAEE4ED55DC5}.Debug|Any CPU.ActiveCfg = Debug|Any CPU
		{690E1569-934C-4927-B235-FAEE4ED55DC5}.Debug|Any CPU.Build.0 = Debug|Any CPU
		{690E1569-934C-4927-B235-FAEE4ED55DC5}.Release|Any CPU.ActiveCfg = Release|Any CPU
		{690E1569-934C-4927-B235-FAEE4ED55DC5}.Release|Any CPU.Build.0 = Release|Any CPU
		{02FDEA1F-2440-49C2-8383-AD276FE8B2AE}.Debug|Any CPU.ActiveCfg = Debug|Any CPU
		{02FDEA1F-2440-49C2-8383-AD276FE8B2AE}.Debug|Any CPU.Build.0 = Debug|Any CPU
		{02FDEA1F-2440-49C2-8383-AD276FE8B2AE}.Release|Any CPU.ActiveCfg = Release|Any CPU
		{02FDEA1F-2440-49C2-8383-AD276FE8B2AE}.Release|Any CPU.Build.0 = Release|Any CPU
		{9C1B9A9B-364C-4277-B227-25BEA3FCB660}.Debug|Any CPU.ActiveCfg = Debug|Any CPU
		{9C1B9A9B-364C-4277-B227-25BEA3FCB660}.Debug|Any CPU.Build.0 = Debug|Any CPU
		{9C1B9A9B-364C-4277-B227-25BEA3FCB660}.Release|Any CPU.ActiveCfg = Release|Any CPU
		{9C1B9A9B-364C-4277-B227-25BEA3FCB660}.Release|Any CPU.Build.0 = Release|Any CPU
		{08BC1FB5-3069-4222-A4F2-196A953D68B0}.Debug|Any CPU.ActiveCfg = Debug|Any CPU
		{08BC1FB5-3069-4222-A4F2-196A953D68B0}.Debug|Any CPU.Build.0 = Debug|Any CPU
		{08BC1FB5-3069-4222-A4F2-196A953D68B0}.Release|Any CPU.ActiveCfg = Release|Any CPU
		{08BC1FB5-3069-4222-A4F2-196A953D68B0}.Release|Any CPU.Build.0 = Release|Any CPU
		{79F103B3-9657-44F5-BD71-9DAFAD0E2805}.Debug|Any CPU.ActiveCfg = Debug|Any CPU
		{79F103B3-9657-44F5-BD71-9DAFAD0E2805}.Debug|Any CPU.Build.0 = Debug|Any CPU
		{79F103B3-9657-44F5-BD71-9DAFAD0E2805}.Release|Any CPU.ActiveCfg = Release|Any CPU
		{79F103B3-9657-44F5-BD71-9DAFAD0E2805}.Release|Any CPU.Build.0 = Release|Any CPU
		{9B681F79-8546-471F-BBF6-7A63F01227F6}.Debug|Any CPU.ActiveCfg = Debug|Any CPU
		{9B681F79-8546-471F-BBF6-7A63F01227F6}.Debug|Any CPU.Build.0 = Debug|Any CPU
		{9B681F79-8546-471F-BBF6-7A63F01227F6}.Release|Any CPU.ActiveCfg = Release|Any CPU
		{9B681F79-8546-471F-BBF6-7A63F01227F6}.Release|Any CPU.Build.0 = Release|Any CPU
		{779CBD8F-B4C7-4391-8FD5-8BC4C9F13ED4}.Debug|Any CPU.ActiveCfg = Debug|Any CPU
		{779CBD8F-B4C7-4391-8FD5-8BC4C9F13ED4}.Debug|Any CPU.Build.0 = Debug|Any CPU
		{779CBD8F-B4C7-4391-8FD5-8BC4C9F13ED4}.Release|Any CPU.ActiveCfg = Release|Any CPU
		{779CBD8F-B4C7-4391-8FD5-8BC4C9F13ED4}.Release|Any CPU.Build.0 = Release|Any CPU
		{75E7443E-CBC6-4157-93D9-E30E2C93D2B5}.Debug|Any CPU.ActiveCfg = Debug|Any CPU
		{75E7443E-CBC6-4157-93D9-E30E2C93D2B5}.Debug|Any CPU.Build.0 = Debug|Any CPU
		{75E7443E-CBC6-4157-93D9-E30E2C93D2B5}.Release|Any CPU.ActiveCfg = Release|Any CPU
		{75E7443E-CBC6-4157-93D9-E30E2C93D2B5}.Release|Any CPU.Build.0 = Release|Any CPU
		{C698A0F6-F9EE-456D-A575-BF3A0962DACB}.Debug|Any CPU.ActiveCfg = Debug|Any CPU
		{C698A0F6-F9EE-456D-A575-BF3A0962DACB}.Debug|Any CPU.Build.0 = Debug|Any CPU
		{C698A0F6-F9EE-456D-A575-BF3A0962DACB}.Release|Any CPU.ActiveCfg = Release|Any CPU
		{C698A0F6-F9EE-456D-A575-BF3A0962DACB}.Release|Any CPU.Build.0 = Release|Any CPU
		{B28A00B9-447C-4464-AC98-54D334E5F96E}.Debug|Any CPU.ActiveCfg = Debug|Any CPU
		{B28A00B9-447C-4464-AC98-54D334E5F96E}.Debug|Any CPU.Build.0 = Debug|Any CPU
		{B28A00B9-447C-4464-AC98-54D334E5F96E}.Release|Any CPU.ActiveCfg = Release|Any CPU
		{B28A00B9-447C-4464-AC98-54D334E5F96E}.Release|Any CPU.Build.0 = Release|Any CPU
		{B0E17931-7D0B-4C40-905A-BB9FECDE4805}.Debug|Any CPU.ActiveCfg = Debug|Any CPU
		{B0E17931-7D0B-4C40-905A-BB9FECDE4805}.Debug|Any CPU.Build.0 = Debug|Any CPU
		{B0E17931-7D0B-4C40-905A-BB9FECDE4805}.Release|Any CPU.ActiveCfg = Release|Any CPU
		{B0E17931-7D0B-4C40-905A-BB9FECDE4805}.Release|Any CPU.Build.0 = Release|Any CPU
		{3870F11F-5E09-44DF-B928-83DCC41AC226}.Debug|Any CPU.ActiveCfg = Debug|Any CPU
		{3870F11F-5E09-44DF-B928-83DCC41AC226}.Debug|Any CPU.Build.0 = Debug|Any CPU
		{3870F11F-5E09-44DF-B928-83DCC41AC226}.Release|Any CPU.ActiveCfg = Release|Any CPU
		{3870F11F-5E09-44DF-B928-83DCC41AC226}.Release|Any CPU.Build.0 = Release|Any CPU
		{30AE62B0-2C08-4ADD-AD9A-DF52DFAD92CB}.Debug|Any CPU.ActiveCfg = Debug|Any CPU
		{30AE62B0-2C08-4ADD-AD9A-DF52DFAD92CB}.Debug|Any CPU.Build.0 = Debug|Any CPU
		{30AE62B0-2C08-4ADD-AD9A-DF52DFAD92CB}.Release|Any CPU.ActiveCfg = Release|Any CPU
		{30AE62B0-2C08-4ADD-AD9A-DF52DFAD92CB}.Release|Any CPU.Build.0 = Release|Any CPU
		{A21FE70F-E8FD-4E25-9BDB-B34A879493CD}.Debug|Any CPU.ActiveCfg = Debug|Any CPU
		{A21FE70F-E8FD-4E25-9BDB-B34A879493CD}.Debug|Any CPU.Build.0 = Debug|Any CPU
		{A21FE70F-E8FD-4E25-9BDB-B34A879493CD}.Release|Any CPU.ActiveCfg = Release|Any CPU
		{A21FE70F-E8FD-4E25-9BDB-B34A879493CD}.Release|Any CPU.Build.0 = Release|Any CPU
		{9530F4A4-1ECC-4CDA-9F0A-ED9FD0F902FB}.Debug|Any CPU.ActiveCfg = Debug|Any CPU
		{9530F4A4-1ECC-4CDA-9F0A-ED9FD0F902FB}.Debug|Any CPU.Build.0 = Debug|Any CPU
		{9530F4A4-1ECC-4CDA-9F0A-ED9FD0F902FB}.Release|Any CPU.ActiveCfg = Release|Any CPU
		{9530F4A4-1ECC-4CDA-9F0A-ED9FD0F902FB}.Release|Any CPU.Build.0 = Release|Any CPU
		{4CBA467A-9B4A-4EBA-B721-913E1E829D2A}.Debug|Any CPU.ActiveCfg = Debug|Any CPU
		{4CBA467A-9B4A-4EBA-B721-913E1E829D2A}.Debug|Any CPU.Build.0 = Debug|Any CPU
		{4CBA467A-9B4A-4EBA-B721-913E1E829D2A}.Release|Any CPU.ActiveCfg = Release|Any CPU
		{4CBA467A-9B4A-4EBA-B721-913E1E829D2A}.Release|Any CPU.Build.0 = Release|Any CPU
		{78641E2F-9712-42D2-85A1-1E1AAFBDE297}.Debug|Any CPU.ActiveCfg = Debug|Any CPU
		{78641E2F-9712-42D2-85A1-1E1AAFBDE297}.Debug|Any CPU.Build.0 = Debug|Any CPU
		{78641E2F-9712-42D2-85A1-1E1AAFBDE297}.Release|Any CPU.ActiveCfg = Release|Any CPU
		{78641E2F-9712-42D2-85A1-1E1AAFBDE297}.Release|Any CPU.Build.0 = Release|Any CPU
		{57D8C9BE-E290-424B-AFAD-EC6BF889DFC5}.Debug|Any CPU.ActiveCfg = Debug|Any CPU
		{57D8C9BE-E290-424B-AFAD-EC6BF889DFC5}.Debug|Any CPU.Build.0 = Debug|Any CPU
		{57D8C9BE-E290-424B-AFAD-EC6BF889DFC5}.Release|Any CPU.ActiveCfg = Release|Any CPU
		{57D8C9BE-E290-424B-AFAD-EC6BF889DFC5}.Release|Any CPU.Build.0 = Release|Any CPU
		{3D80DF55-3FFA-4D16-A3ED-B57F1DC01438}.Debug|Any CPU.ActiveCfg = Debug|Any CPU
		{3D80DF55-3FFA-4D16-A3ED-B57F1DC01438}.Debug|Any CPU.Build.0 = Debug|Any CPU
		{3D80DF55-3FFA-4D16-A3ED-B57F1DC01438}.Release|Any CPU.ActiveCfg = Release|Any CPU
		{3D80DF55-3FFA-4D16-A3ED-B57F1DC01438}.Release|Any CPU.Build.0 = Release|Any CPU
		{E9154E6B-5BCF-46CB-937E-A672B8B04D90}.Debug|Any CPU.ActiveCfg = Debug|Any CPU
		{E9154E6B-5BCF-46CB-937E-A672B8B04D90}.Debug|Any CPU.Build.0 = Debug|Any CPU
		{E9154E6B-5BCF-46CB-937E-A672B8B04D90}.Release|Any CPU.ActiveCfg = Release|Any CPU
		{E9154E6B-5BCF-46CB-937E-A672B8B04D90}.Release|Any CPU.Build.0 = Release|Any CPU
		{4FAAA46E-E12D-40F1-98D6-949F466E6B54}.Debug|Any CPU.ActiveCfg = Debug|Any CPU
		{4FAAA46E-E12D-40F1-98D6-949F466E6B54}.Debug|Any CPU.Build.0 = Debug|Any CPU
		{4FAAA46E-E12D-40F1-98D6-949F466E6B54}.Release|Any CPU.ActiveCfg = Release|Any CPU
		{4FAAA46E-E12D-40F1-98D6-949F466E6B54}.Release|Any CPU.Build.0 = Release|Any CPU
		{E6992AE0-F581-4A7D-BC45-D270F1AE15A6}.Debug|Any CPU.ActiveCfg = Debug|Any CPU
		{E6992AE0-F581-4A7D-BC45-D270F1AE15A6}.Debug|Any CPU.Build.0 = Debug|Any CPU
		{E6992AE0-F581-4A7D-BC45-D270F1AE15A6}.Release|Any CPU.ActiveCfg = Release|Any CPU
		{E6992AE0-F581-4A7D-BC45-D270F1AE15A6}.Release|Any CPU.Build.0 = Release|Any CPU
		{E7068B5E-2C47-42A3-AD0E-24DE0514B447}.Debug|Any CPU.ActiveCfg = Debug|Any CPU
		{E7068B5E-2C47-42A3-AD0E-24DE0514B447}.Debug|Any CPU.Build.0 = Debug|Any CPU
		{E7068B5E-2C47-42A3-AD0E-24DE0514B447}.Release|Any CPU.ActiveCfg = Release|Any CPU
		{E7068B5E-2C47-42A3-AD0E-24DE0514B447}.Release|Any CPU.Build.0 = Release|Any CPU
		{6FB5F236-5193-40C5-BCF4-138D116FD527}.Debug|Any CPU.ActiveCfg = Debug|Any CPU
		{6FB5F236-5193-40C5-BCF4-138D116FD527}.Debug|Any CPU.Build.0 = Debug|Any CPU
		{6FB5F236-5193-40C5-BCF4-138D116FD527}.Release|Any CPU.ActiveCfg = Release|Any CPU
		{6FB5F236-5193-40C5-BCF4-138D116FD527}.Release|Any CPU.Build.0 = Release|Any CPU
		{72979120-1552-4C57-AF56-9A722669D0A9}.Debug|Any CPU.ActiveCfg = Debug|Any CPU
		{72979120-1552-4C57-AF56-9A722669D0A9}.Debug|Any CPU.Build.0 = Debug|Any CPU
		{72979120-1552-4C57-AF56-9A722669D0A9}.Release|Any CPU.ActiveCfg = Release|Any CPU
		{72979120-1552-4C57-AF56-9A722669D0A9}.Release|Any CPU.Build.0 = Release|Any CPU
		{DEA263AC-E7F8-43BF-89E4-92718AF0FD0C}.Debug|Any CPU.ActiveCfg = Debug|Any CPU
		{DEA263AC-E7F8-43BF-89E4-92718AF0FD0C}.Debug|Any CPU.Build.0 = Debug|Any CPU
		{DEA263AC-E7F8-43BF-89E4-92718AF0FD0C}.Release|Any CPU.ActiveCfg = Release|Any CPU
		{DEA263AC-E7F8-43BF-89E4-92718AF0FD0C}.Release|Any CPU.Build.0 = Release|Any CPU
	EndGlobalSection
	GlobalSection(SolutionProperties) = preSolution
		HideSolutionNode = FALSE
	EndGlobalSection
EndGlobal
